<Solution>
  <Configurations>
    <BuildType Name="CI" />
    <BuildType Name="Debug" />
    <BuildType Name="Release" />
  </Configurations>
  <Folder Name="/Core/">
    <Project Path="Src/AwesomeAssertions.DataSets/AwesomeAssertions.DataSets.csproj">
      <BuildType Solution="CI|*" Project="Release" />
    </Project>
  </Folder>
  <Folder Name="/Solution Items/">
    <File Path=".editorconfig" />
    <File Path="Directory.Build.props" />
    <File Path="nuget.config" />
    <File Path="README.md" />
    <File Path="Tests/Default.testsettings" />
  </Folder>
  <Folder Name="/Specs/">
    <File Path="Tests/.editorconfig" />
    <Project Path="Tests/Approval.Tests/Approval.Tests.csproj">
      <BuildType Solution="CI|*" Project="Release" />
    </Project>
    <Project Path="Tests/AwesomeAssertions.DataSets.Specs/AwesomeAssertions.DataSets.Specs.csproj">
      <BuildType Project="Debug" />
    </Project>
    <Project Path="Tests/Benchmarks/Benchmarks.csproj">
      <BuildType Solution="CI|*" Project="Debug" />
    </Project>
  </Folder>
  <Project Path="Build/_build.csproj">
    <BuildType Solution="CI|*" Project="Release" />
    <Build Project="false" />
  </Project>
  <Properties Name="MonoDevelopProperties">
    <Property Name="StartupItem" Value="Src\AwesomeAssertions\AwesomeAssertions.csproj" />
  </Properties>
</Solution>
